
Microsoft Visual Studio Solution File, Format Version 12.00
# Visual Studio Version 17
VisualStudioVersion = 17.4.33403.182
MinimumVisualStudioVersion = 10.0.40219.1
Project("{9A19103F-16F7-4668-BE54-9A1E7A4F7556}") = "CSharpProject", "CSharpProject\CSharpProject.csproj", "{047FA70F-3FA2-4E8F-AA9E-5FCE4133D49B}"
EndProject
Project("{FAE04EC0-301F-11D3-BF4B-00C04F79EFBC}") = "BLL", "BLL\BLL.csproj", "{CE952507-EB5A-4D22-8D98-95D51C07269F}"
EndProject
Project("{FAE04EC0-301F-11D3-BF4B-00C04F79EFBC}") = "DAL", "DAL\DAL.csproj", "{8B4C5B6B-04CF-4542-B274-B0BBD10C82CC}"
EndProject
Project("{FAE04EC0-301F-11D3-BF4B-00C04F79EFBC}") = "Domain", "Domain\Domain.csproj", "{405A8EEC-DDF8-41D4-820D-605AA646ACE5}"
EndProject
Global
	GlobalSection(SolutionConfigurationPlatforms) = preSolution
		Debug|Any CPU = Debug|Any CPU
		Release|Any CPU = Release|Any CPU
	EndGlobalSection
	GlobalSection(ProjectConfigurationPlatforms) = postSolution
		{047FA70F-3FA2-4E8F-AA9E-5FCE4133D49B}.Debug|Any CPU.ActiveCfg = Debug|Any CPU
		{047FA70F-3FA2-4E8F-AA9E-5FCE4133D49B}.Debug|Any CPU.Build.0 = Debug|Any CPU
		{047FA70F-3FA2-4E8F-AA9E-5FCE4133D49B}.Release|Any CPU.ActiveCfg = Release|Any CPU
		{047FA70F-3FA2-4E8F-AA9E-5FCE4133D49B}.Release|Any CPU.Build.0 = Release|Any CPU
		{CE952507-EB5A-4D22-8D98-95D51C07269F}.Debug|Any CPU.ActiveCfg = Debug|Any CPU
		{CE952507-EB5A-4D22-8D98-95D51C07269F}.Debug|Any CPU.Build.0 = Debug|Any CPU
		{CE952507-EB5A-4D22-8D98-95D51C07269F}.Release|Any CPU.ActiveCfg = Release|Any CPU
		{CE952507-EB5A-4D22-8D98-95D51C07269F}.Release|Any CPU.Build.0 = Release|Any CPU
		{8B4C5B6B-04CF-4542-B274-B0BBD10C82CC}.Debug|Any CPU.ActiveCfg = Debug|Any CPU
		{8B4C5B6B-04CF-4542-B274-B0BBD10C82CC}.Debug|Any CPU.Build.0 = Debug|Any CPU
		{8B4C5B6B-04CF-4542-B274-B0BBD10C82CC}.Release|Any CPU.ActiveCfg = Release|Any CPU
		{8B4C5B6B-04CF-4542-B274-B0BBD10C82CC}.Release|Any CPU.Build.0 = Release|Any CPU
		{405A8EEC-DDF8-41D4-820D-605AA646ACE5}.Debug|Any CPU.ActiveCfg = Debug|Any CPU
		{405A8EEC-DDF8-41D4-820D-605AA646ACE5}.Debug|Any CPU.Build.0 = Debug|Any CPU
		{405A8EEC-DDF8-41D4-820D-605AA646ACE5}.Release|Any CPU.ActiveCfg = Release|Any CPU
		{405A8EEC-DDF8-41D4-820D-605AA646ACE5}.Release|Any CPU.Build.0 = Release|Any CPU
	EndGlobalSection
	GlobalSection(SolutionProperties) = preSolution
		HideSolutionNode = FALSE
	EndGlobalSection
	GlobalSection(ExtensibilityGlobals) = postSolution
		SolutionGuid = {E180C673-8820-442A-8F69-A4AC10263949}
	EndGlobalSection
EndGlobal
